#
# This file is autogenerated by pip-compile with Python 3.12
# by the following command:
#
#    pip-compile --output-file=requirements.lock pyproject.toml
#
linkify-it-py==2.0.3
    # via markdown-it-py
markdown-it-py[linkify,plugins]==4.0.0
    # via
    #   mdit-py-plugins
    #   rich
    #   textual
mdit-py-plugins==0.5.0
    # via markdown-it-py
mdurl==0.1.2
    # via markdown-it-py
platformdirs==4.7.0
    # via textual
pyelftools==0.32
    # via caspoon (pyproject.toml)
pygments==2.19.2
    # via rich
r2pipe==1.9.6
    # via caspoon (pyproject.toml)
rich==13.9.4
    # via
    #   caspoon (pyproject.toml)
    #   textual
textual==0.89.1
    # via caspoon (pyproject.toml)
typing-extensions==4.15.0
    # via textual
uc-micro-py==1.0.3
    # via linkify-it-py
